// !$*UTF8*$!
{
	archiveVersion = 1;
	classes = {
	};
	objectVersion = 46;
	objects = {

/* Begin PBXBuildFile section */
		55F5CD2C1A0BD1BA0043ED24 /* AppDelegate.swift in Sources */ = {isa = PBXBuildFile; fileRef = 55F5CD2B1A0BD1BA0043ED24 /* AppDelegate.swift */; };
		55F5CD2E1A0BD1BA0043ED24 /* ViewController.swift in Sources */ = {isa = PBXBuildFile; fileRef = 55F5CD2D1A0BD1BA0043ED24 /* ViewController.swift */; };
		55F5CD311A0BD1BA0043ED24 /* Main.storyboard in Resources */ = {isa = PBXBuildFile; fileRef = 55F5CD2F1A0BD1BA0043ED24 /* Main.storyboard */; };
		55F5CD361A0BD1BA0043ED24 /* LaunchScreen.xib in Resources */ = {isa = PBXBuildFile; fileRef = 55F5CD341A0BD1BA0043ED24 /* LaunchScreen.xib */; };
		55F5CD421A0BD1BA0043ED24 /* Search_MechanismTests.swift in Sources */ = {isa = PBXBuildFile; fileRef = 55F5CD411A0BD1BA0043ED24 /* Search_MechanismTests.swift */; };
		55F5CD4C1A0E4C190043ED24 /* asset.xcassets in Resources */ = {isa = PBXBuildFile; fileRef = 55F5CD4B1A0E4C190043ED24 /* asset.xcassets */; };
		55F5CD4E1A0E51330043ED24 /* UIColor+ColorFromCode.swift in Sources */ = {isa = PBXBuildFile; fileRef = 55F5CD4D1A0E51330043ED24 /* UIColor+ColorFromCode.swift */; };
/* End PBXBuildFile section */

/* Begin PBXContainerItemProxy section */
		55F5CD3C1A0BD1BA0043ED24 /* PBXContainerItemProxy */ = {
			isa = PBXContainerItemProxy;
			containerPortal = 55F5CD1E1A0BD1BA0043ED24 /* Project object */;
			proxyType = 1;
			remoteGlobalIDString = 55F5CD251A0BD1BA0043ED24;
			remoteInfo = "Search Mechanism";
		};
/* End PBXContainerItemProxy section */

/* Begin PBXFileReference section */
		55F5CD261A0BD1BA0043ED24 /* Search Mechanism.app */ = {isa = PBXFileReference; explicitFileType = wrapper.application; includeInIndex = 0; path = "Search Mechanism.app"; sourceTree = BUILT_PRODUCTS_DIR; };
		55F5CD2A1A0BD1BA0043ED24 /* Info.plist */ = {isa = PBXFileReference; lastKnownFileType = text.plist.xml; path = Info.plist; sourceTree = "<group>"; };
		55F5CD2B1A0BD1BA0043ED24 /* AppDelegate.swift */ = {isa = PBXFileReference; lastKnownFileType = sourcecode.swift; path = AppDelegate.swift; sourceTree = "<group>"; };
		55F5CD2D1A0BD1BA0043ED24 /* ViewController.swift */ = {isa = PBXFileReference; lastKnownFileType = sourcecode.swift; path = ViewController.swift; sourceTree = "<group>"; };
		55F5CD301A0BD1BA0043ED24 /* Base */ = {isa = PBXFileReference; lastKnownFileType = file.storyboard; name = Base; path = Base.lproj/Main.storyboard; sourceTree = "<group>"; };
		55F5CD351A0BD1BA0043ED24 /* Base */ = {isa = PBXFileReference; lastKnownFileType = file.xib; name = Base; path = Base.lproj/LaunchScreen.xib; sourceTree = "<group>"; };
		55F5CD3B1A0BD1BA0043ED24 /* Search MechanismTests.xctest */ = {isa = PBXFileReference; explicitFileType = wrapper.cfbundle; includeInIndex = 0; path = "Search MechanismTests.xctest"; sourceTree = BUILT_PRODUCTS_DIR; };
		55F5CD401A0BD1BA0043ED24 /* Info.plist */ = {isa = PBXFileReference; lastKnownFileType = text.plist.xml; path = Info.plist; sourceTree = "<group>"; };
		55F5CD411A0BD1BA0043ED24 /* Search_MechanismTests.swift */ = {isa = PBXFileReference; lastKnownFileType = sourcecode.swift; path = Search_MechanismTests.swift; sourceTree = "<group>"; };
		55F5CD4B1A0E4C190043ED24 /* asset.xcassets */ = {isa = PBXFileReference; lastKnownFileType = folder.assetcatalog; path = asset.xcassets; sourceTree = "<group>"; };
		55F5CD4D1A0E51330043ED24 /* UIColor+ColorFromCode.swift */ = {isa = PBXFileReference; fileEncoding = 4; lastKnownFileType = sourcecode.swift; path = "UIColor+ColorFromCode.swift"; sourceTree = "<group>"; };
/* End PBXFileReference section */

/* Begin PBXFrameworksBuildPhase section */
		55F5CD231A0BD1BA0043ED24 /* Frameworks */ = {
			isa = PBXFrameworksBuildPhase;
			buildActionMask = 2147483647;
			files = (
			);
			runOnlyForDeploymentPostprocessing = 0;
		};
		55F5CD381A0BD1BA0043ED24 /* Frameworks */ = {
			isa = PBXFrameworksBuildPhase;
			buildActionMask = 2147483647;
			files = (
			);
			runOnlyForDeploymentPostprocessing = 0;
		};
/* End PBXFrameworksBuildPhase section */

/* Begin PBXGroup section */
		55F5CD1D1A0BD1BA0043ED24 = {
			isa = PBXGroup;
			children = (
				55F5CD281A0BD1BA0043ED24 /* Search Mechanism */,
				55F5CD3E1A0BD1BA0043ED24 /* Search MechanismTests */,
				55F5CD271A0BD1BA0043ED24 /* Products */,
			);
			sourceTree = "<group>";
		};
		55F5CD271A0BD1BA0043ED24 /* Products */ = {
			isa = PBXGroup;
			children = (
				55F5CD261A0BD1BA0043ED24 /* Search Mechanism.app */,
				55F5CD3B1A0BD1BA0043ED24 /* Search MechanismTests.xctest */,
			);
			name = Products;
			sourceTree = "<group>";
		};
		55F5CD281A0BD1BA0043ED24 /* Search Mechanism */ = {
			isa = PBXGroup;
			children = (
				55F5CD2B1A0BD1BA0043ED24 /* AppDelegate.swift */,
				55F5CD2D1A0BD1BA0043ED24 /* ViewController.swift */,
				55F5CD4D1A0E51330043ED24 /* UIColor+ColorFromCode.swift */,
				55F5CD291A0BD1BA0043ED24 /* Supporting Files */,
			);
			path = "Search Mechanism";
			sourceTree = "<group>";
		};
		55F5CD291A0BD1BA0043ED24 /* Supporting Files */ = {
			isa = PBXGroup;
			children = (
				55F5CD2F1A0BD1BA0043ED24 /* Main.storyboard */,
				55F5CD341A0BD1BA0043ED24 /* LaunchScreen.xib */,
				55F5CD2A1A0BD1BA0043ED24 /* Info.plist */,
				55F5CD4B1A0E4C190043ED24 /* asset.xcassets */,
			);
			name = "Supporting Files";
			sourceTree = "<group>";
		};
		55F5CD3E1A0BD1BA0043ED24 /* Search MechanismTests */ = {
			isa = PBXGroup;
			children = (
				55F5CD411A0BD1BA0043ED24 /* Search_MechanismTests.swift */,
				55F5CD3F1A0BD1BA0043ED24 /* Supporting Files */,
			);
			path = "Search MechanismTests";
			sourceTree = "<group>";
		};
		55F5CD3F1A0BD1BA0043ED24 /* Supporting Files */ = {
			isa = PBXGroup;
			children = (
				55F5CD401A0BD1BA0043ED24 /* Info.plist */,
			);
			name = "Supporting Files";
			sourceTree = "<group>";
		};
/* End PBXGroup section */

/* Begin PBXNativeTarget section */
		55F5CD251A0BD1BA0043ED24 /* Search Mechanism */ = {
			isa = PBXNativeTarget;
			buildConfigurationList = 55F5CD451A0BD1BA0043ED24 /* Build configuration list for PBXNativeTarget "Search Mechanism" */;
			buildPhases = (
				55F5CD221A0BD1BA0043ED24 /* Sources */,
				55F5CD231A0BD1BA0043ED24 /* Frameworks */,
				55F5CD241A0BD1BA0043ED24 /* Resources */,
			);
			buildRules = (
			);
			dependencies = (
			);
			name = "Search Mechanism";
			productName = "Search Mechanism";
			productReference = 55F5CD261A0BD1BA0043ED24 /* Search Mechanism.app */;
			productType = "com.apple.product-type.application";
		};
		55F5CD3A1A0BD1BA0043ED24 /* Search MechanismTests */ = {
			isa = PBXNativeTarget;
			buildConfigurationList = 55F5CD481A0BD1BA0043ED24 /* Build configuration list for PBXNativeTarget "Search MechanismTests" */;
			buildPhases = (
				55F5CD371A0BD1BA0043ED24 /* Sources */,
				55F5CD381A0BD1BA0043ED24 /* Frameworks */,
				55F5CD391A0BD1BA0043ED24 /* Resources */,
			);
			buildRules = (
			);
			dependencies = (
				55F5CD3D1A0BD1BA0043ED24 /* PBXTargetDependency */,
			);
			name = "Search MechanismTests";
			productName = "Search MechanismTests";
			productReference = 55F5CD3B1A0BD1BA0043ED24 /* Search MechanismTests.xctest */;
			productType = "com.apple.product-type.bundle.unit-test";
		};
/* End PBXNativeTarget section */

/* Begin PBXProject section */
		55F5CD1E1A0BD1BA0043ED24 /* Project object */ = {
			isa = PBXProject;
			attributes = {
				LastUpgradeCheck = 0610;
				ORGANIZATIONNAME = GameApp;
				TargetAttributes = {
					55F5CD251A0BD1BA0043ED24 = {
						CreatedOnToolsVersion = 6.1;
					};
					55F5CD3A1A0BD1BA0043ED24 = {
						CreatedOnToolsVersion = 6.1;
						TestTargetID = 55F5CD251A0BD1BA0043ED24;
					};
				};
			};
			buildConfigurationList = 55F5CD211A0BD1BA0043ED24 /* Build configuration list for PBXProject "Search Mechanism" */;
			compatibilityVersion = "Xcode 3.2";
			developmentRegion = English;
			hasScannedForEncodings = 0;
			knownRegions = (
				en,
				Base,
			);
			mainGroup = 55F5CD1D1A0BD1BA0043ED24;
			productRefGroup = 55F5CD271A0BD1BA0043ED24 /* Products */;
			projectDirPath = "";
			projectRoot = "";
			targets = (
				55F5CD251A0BD1BA0043ED24 /* Search Mechanism */,
				55F5CD3A1A0BD1BA0043ED24 /* Search MechanismTests */,
			);
		};
/* End PBXProject section */

/* Begin PBXResourcesBuildPhase section */
		55F5CD241A0BD1BA0043ED24 /* Resources */ = {
			isa = PBXResourcesBuildPhase;
			buildActionMask = 2147483647;
			files = (
				55F5CD311A0BD1BA0043ED24 /* Main.storyboard in Resources */,
				55F5CD361A0BD1BA0043ED24 /* LaunchScreen.xib in Resources */,
				55F5CD4C1A0E4C190043ED24 /* asset.xcassets in Resources */,
			);
			runOnlyForDeploymentPostprocessing = 0;
		};
		55F5CD391A0BD1BA0043ED24 /* Resources */ = {
			isa = PBXResourcesBuildPhase;
			buildActionMask = 2147483647;
			files = (
			);
			runOnlyForDeploymentPostprocessing = 0;
		};
/* End PBXResourcesBuildPhase section */

/* Begin PBXSourcesBuildPhase section */
		55F5CD221A0BD1BA0043ED24 /* Sources */ = {
			isa = PBXSourcesBuildPhase;
			buildActionMask = 2147483647;
			files = (
				55F5CD2E1A0BD1BA0043ED24 /* ViewController.swift in Sources */,
				55F5CD2C1A0BD1BA0043ED24 /* AppDelegate.swift in Sources */,
				55F5CD4E1A0E51330043ED24 /* UIColor+ColorFromCode.swift in Sources */,
			);
			runOnlyForDeploymentPostprocessing = 0;
		};
		55F5CD371A0BD1BA0043ED24 /* Sources */ = {
			isa = PBXSourcesBuildPhase;
			buildActionMask = 2147483647;
			files = (
				55F5CD421A0BD1BA0043ED24 /* Search_MechanismTests.swift in Sources */,
			);
			runOnlyForDeploymentPostprocessing = 0;
		};
/* End PBXSourcesBuildPhase section */

/* Begin PBXTargetDependency section */
		55F5CD3D1A0BD1BA0043ED24 /* PBXTargetDependency */ = {
			isa = PBXTargetDependency;
			target = 55F5CD251A0BD1BA0043ED24 /* Search Mechanism */;
			targetProxy = 55F5CD3C1A0BD1BA0043ED24 /* PBXContainerItemProxy */;
		};
/* End PBXTargetDependency section */

/* Begin PBXVariantGroup section */
		55F5CD2F1A0BD1BA0043ED24 /* Main.storyboard */ = {
			isa = PBXVariantGroup;
			children = (
				55F5CD301A0BD1BA0043ED24 /* Base */,
			);
			name = Main.storyboard;
			sourceTree = "<group>";
		};
		55F5CD341A0BD1BA0043ED24 /* LaunchScreen.xib */ = {
			isa = PBXVariantGroup;
			children = (
				55F5CD351A0BD1BA0043ED24 /* Base */,
			);
			name = LaunchScreen.xib;
			sourceTree = "<group>";
		};
/* End PBXVariantGroup section */

/* Begin XCBuildConfiguration section */
		55F5CD431A0BD1BA0043ED24 /* Debug */ = {
			isa = XCBuildConfiguration;
			buildSettings = {
				ALWAYS_SEARCH_USER_PATHS = NO;
				CLANG_CXX_LANGUAGE_STANDARD = "gnu++0x";
				CLANG_CXX_LIBRARY = "libc++";
				CLANG_ENABLE_MODULES = YES;
				CLANG_ENABLE_OBJC_ARC = YES;
				CLANG_WARN_BOOL_CONVERSION = YES;
				CLANG_WARN_CONSTANT_CONVERSION = YES;
				CLANG_WARN_DIRECT_OBJC_ISA_USAGE = YES_ERROR;
				CLANG_WARN_EMPTY_BODY = YES;
				CLANG_WARN_ENUM_CONVERSION = YES;
				CLANG_WARN_INT_CONVERSION = YES;
				CLANG_WARN_OBJC_ROOT_CLASS = YES_ERROR;
				CLANG_WARN_UNREACHABLE_CODE = YES;
				CLANG_WARN__DUPLICATE_METHOD_MATCH = YES;
				"CODE_SIGN_IDENTITY[sdk=iphoneos*]" = "iPhone Developer";
				COPY_PHASE_STRIP = NO;
				ENABLE_STRICT_OBJC_MSGSEND = YES;
				GCC_C_LANGUAGE_STANDARD = gnu99;
				GCC_DYNAMIC_NO_PIC = NO;
				GCC_OPTIMIZATION_LEVEL = 0;
				GCC_PREPROCESSOR_DEFINITIONS = (
					"DEBUG=1",
					"$(inherited)",
				);
				GCC_SYMBOLS_PRIVATE_EXTERN = NO;
				GCC_WARN_64_TO_32_BIT_CONVERSION = YES;
				GCC_WARN_ABOUT_RETURN_TYPE = YES_ERROR;
				GCC_WARN_UNDECLARED_SELECTOR = YES;
				GCC_WARN_UNINITIALIZED_AUTOS = YES_AGGRESSIVE;
				GCC_WARN_UNUSED_FUNCTION = YES;
				GCC_WARN_UNUSED_VARIABLE = YES;
				IPHONEOS_DEPLOYMENT_TARGET = 8.1;
				MTL_ENABLE_DEBUG_INFO = YES;
				ONLY_ACTIVE_ARCH = YES;
				SDKROOT = iphoneos;
				SWIFT_OPTIMIZATION_LEVEL = "-Onone";
			};
			name = Debug;
		};
		55F5CD441A0BD1BA0043ED24 /* Release */ = {
			isa = XCBuildConfiguration;
			buildSettings = {
				ALWAYS_SEARCH_USER_PATHS = NO;
				CLANG_CXX_LANGUAGE_STANDARD = "gnu++0x";
				CLANG_CXX_LIBRARY = "libc++";
				CLANG_ENABLE_MODULES = YES;
				CLANG_ENABLE_OBJC_ARC = YES;
				CLANG_WARN_BOOL_CONVERSION = YES;
				CLANG_WARN_CONSTANT_CONVERSION = YES;
				CLANG_WARN_DIRECT_OBJC_ISA_USAGE = YES_ERROR;
				CLANG_WARN_EMPTY_BODY = YES;
				CLANG_WARN_ENUM_CONVERSION = YES;
				CLANG_WARN_INT_CONVERSION = YES;
				CLANG_WARN_OBJC_ROOT_CLASS = YES_ERROR;
				CLANG_WARN_UNREACHABLE_CODE = YES;
				CLANG_WARN__DUPLICATE_METHOD_MATCH = YES;
				"CODE_SIGN_IDENTITY[sdk=iphoneos*]" = "iPhone Developer";
				COPY_PHASE_STRIP = YES;
				ENABLE_NS_ASSERTIONS = NO;
				ENABLE_STRICT_OBJC_MSGSEND = YES;
				GCC_C_LANGUAGE_STANDARD = gnu99;
				GCC_WARN_64_TO_32_BIT_CONVERSION = YES;
				GCC_WARN_ABOUT_RETURN_TYPE = YES_ERROR;
				GCC_WARN_UNDECLARED_SELECTOR = YES;
				GCC_WARN_UNINITIALIZED_AUTOS = YES_AGGRESSIVE;
				GCC_WARN_UNUSED_FUNCTION = YES;
				GCC_WARN_UNUSED_VARIABLE = YES;
				IPHONEOS_DEPLOYMENT_TARGET = 8.1;
				MTL_ENABLE_DEBUG_INFO = NO;
				SDKROOT = iphoneos;
				VALIDATE_PRODUCT = YES;
			};
			name = Release;
		};
		55F5CD461A0BD1BA0043ED24 /* Debug */ = {
			isa = XCBuildConfiguration;
			buildSettings = {
				ASSETCATALOG_COMPILER_APPICON_NAME = AppIcon;
				INFOPLIST_FILE = "Search Mechanism/Info.plist";
				LD_RUNPATH_SEARCH_PATHS = "$(inherited) @executable_path/Frameworks";
				PRODUCT_NAME = "$(TARGET_NAME)";
			};
			name = Debug;
		};
		55F5CD471A0BD1BA0043ED24 /* Release */ = {
			isa = XCBuildConfiguration;
			buildSettings = {
				ASSETCATALOG_COMPILER_APPICON_NAME = AppIcon;
				INFOPLIST_FILE = "Search Mechanism/Info.plist";
				LD_RUNPATH_SEARCH_PATHS = "$(inherited) @executable_path/Frameworks";
				PRODUCT_NAME = "$(TARGET_NAME)";
			};
			name = Release;
		};
		55F5CD491A0BD1BA0043ED24 /* Debug */ = {
			isa = XCBuildConfiguration;
			buildSettings = {
				BUNDLE_LOADER = "$(TEST_HOST)";
				FRAMEWORK_SEARCH_PATHS = (
					"$(SDKROOT)/Developer/Library/Frameworks",
					"$(inherited)",
				);
				GCC_PREPROCESSOR_DEFINITIONS = (
					"DEBUG=1",
					"$(inherited)",
				);
				INFOPLIST_FILE = "Search MechanismTests/Info.plist";
				LD_RUNPATH_SEARCH_PATHS = "$(inherited) @executable_path/Frameworks @loader_path/Frameworks";
				PRODUCT_NAME = "$(TARGET_NAME)";
				TEST_HOST = "$(BUILT_PRODUCTS_DIR)/Search Mechanism.app/Search Mechanism";
			};
			name = Debug;
		};
		55F5CD4A1A0BD1BA0043ED24 /* Release */ = {
			isa = XCBuildConfiguration;
			buildSettings = {
				BUNDLE_LOADER = "$(TEST_HOST)";
				FRAMEWORK_SEARCH_PATHS = (
					"$(SDKROOT)/Developer/Library/Frameworks",
					"$(inherited)",
				);
				INFOPLIST_FILE = "Search MechanismTests/Info.plist";
				LD_RUNPATH_SEARCH_PATHS = "$(inherited) @executable_path/Frameworks @loader_path/Frameworks";
				PRODUCT_NAME = "$(TARGET_NAME)";
				TEST_HOST = "$(BUILT_PRODUCTS_DIR)/Search Mechanism.app/Search Mechanism";
			};
			name = Release;
		};
/* End XCBuildConfiguration section */

/* Begin XCConfigurationList section */
		55F5CD211A0BD1BA0043ED24 /* Build configuration list for PBXProject "Search Mechanism" */ = {
			isa = XCConfigurationList;
			buildConfigurations = (
				55F5CD431A0BD1BA0043ED24 /* Debug */,
				55F5CD441A0BD1BA0043ED24 /* Release */,
			);
			defaultConfigurationIsVisible = 0;
			defaultConfigurationName = Release;
		};
		55F5CD451A0BD1BA0043ED24 /* Build configuration list for PBXNativeTarget "Search Mechanism" */ = {
			isa = XCConfigurationList;
			buildConfigurations = (
				55F5CD461A0BD1BA0043ED24 /* Debug */,
				55F5CD471A0BD1BA0043ED24 /* Release */,
			);
			defaultConfigurationIsVisible = 0;
		};
		55F5CD481A0BD1BA0043ED24 /* Build configuration list for PBXNativeTarget "Search MechanismTests" */ = {
			isa = XCConfigurationList;
			buildConfigurations = (
				55F5CD491A0BD1BA0043ED24 /* Debug */,
				55F5CD4A1A0BD1BA0043ED24 /* Release */,
			);
			defaultConfigurationIsVisible = 0;
		};
/* End XCConfigurationList section */
	};
	rootObject = 55F5CD1E1A0BD1BA0043ED24 /* Project object */;
}
